
Microsoft Visual Studio Solution File, Format Version 12.00
# Visual Studio Version 17
VisualStudioVersion = 17.4.33213.308
MinimumVisualStudioVersion = 10.0.40219.1
Project("{FAE04EC0-301F-11D3-BF4B-00C04F79EFBC}") = "Exercise3", "Exercise3\Exercise3.csproj", "{BE3FB791-6DF4-49D4-A1D9-0B56A466095E}"
EndProject
Global
	GlobalSection(SolutionConfigurationPlatforms) = preSolution
		Debug|Any CPU = Debug|Any CPU
		Release|Any CPU = Release|Any CPU
	EndGlobalSection
	GlobalSection(ProjectConfigurationPlatforms) = postSolution
		{BE3FB791-6DF4-49D4-A1D9-0B56A466095E}.Debug|Any CPU.ActiveCfg = Debug|Any CPU
		{BE3FB791-6DF4-49D4-A1D9-0B56A466095E}.Debug|Any CPU.Build.0 = Debug|Any CPU
		{BE3FB791-6DF4-49D4-A1D9-0B56A466095E}.Release|Any CPU.ActiveCfg = Release|Any CPU
		{BE3FB791-6DF4-49D4-A1D9-0B56A466095E}.Release|Any CPU.Build.0 = Release|Any CPU
	EndGlobalSection
	GlobalSection(SolutionProperties) = preSolution
		HideSolutionNode = FALSE
	EndGlobalSection
	GlobalSection(ExtensibilityGlobals) = postSolution
		SolutionGuid = {19080E5F-D481-43A6-8A1C-5C86592FAD06}
	EndGlobalSection
EndGlobal
